
Microsoft Visual Studio Solution File, Format Version 12.00
# Visual Studio Version 17
VisualStudioVersion = 17.7.34031.279
MinimumVisualStudioVersion = 10.0.40219.1
Project("{FAE04EC0-301F-11D3-BF4B-00C04F79EFBC}") = "pilas completo", "pilas completo\pilas completo.csproj", "{AE88BBA1-3185-44EB-A41D-89C8AB53DA9E}"
EndProject
Global
	GlobalSection(SolutionConfigurationPlatforms) = preSolution
		Debug|Any CPU = Debug|Any CPU
		Release|Any CPU = Release|Any CPU
	EndGlobalSection
	GlobalSection(ProjectConfigurationPlatforms) = postSolution
		{AE88BBA1-3185-44EB-A41D-89C8AB53DA9E}.Debug|Any CPU.ActiveCfg = Debug|Any CPU
		{AE88BBA1-3185-44EB-A41D-89C8AB53DA9E}.Debug|Any CPU.Build.0 = Debug|Any CPU
		{AE88BBA1-3185-44EB-A41D-89C8AB53DA9E}.Release|Any CPU.ActiveCfg = Release|Any CPU
		{AE88BBA1-3185-44EB-A41D-89C8AB53DA9E}.Release|Any CPU.Build.0 = Release|Any CPU
	EndGlobalSection
	GlobalSection(SolutionProperties) = preSolution
		HideSolutionNode = FALSE
	EndGlobalSection
	GlobalSection(ExtensibilityGlobals) = postSolution
		SolutionGuid = {5E48EB7C-DC20-4AE1-AD7B-1475085279AC}
	EndGlobalSection
EndGlobal
